
Microsoft Visual Studio Solution File, Format Version 12.00
# Visual Studio Version 16
VisualStudioVersion = 16.0.29424.173
MinimumVisualStudioVersion = 10.0.40219.1
Project("{FAE04EC0-301F-11D3-BF4B-00C04F79EFBC}") = "FinalTransformerKata", "FinalTransformerKata\FinalTransformerKata.csproj", "{714D29A3-8E62-4189-98E0-CA8CCFF016F7}"
EndProject
Project("{FAE04EC0-301F-11D3-BF4B-00C04F79EFBC}") = "FinalTransformerKata.Tests", "FinalTransformerKata.Tests\FinalTransformerKata.Tests.csproj", "{766FBABC-153E-4435-AB8F-622B2184F206}"
EndProject
Global
	GlobalSection(SolutionConfigurationPlatforms) = preSolution
		Debug|Any CPU = Debug|Any CPU
		Release|Any CPU = Release|Any CPU
	EndGlobalSection
	GlobalSection(ProjectConfigurationPlatforms) = postSolution
		{714D29A3-8E62-4189-98E0-CA8CCFF016F7}.Debug|Any CPU.ActiveCfg = Debug|Any CPU
		{714D29A3-8E62-4189-98E0-CA8CCFF016F7}.Debug|Any CPU.Build.0 = Debug|Any CPU
		{714D29A3-8E62-4189-98E0-CA8CCFF016F7}.Release|Any CPU.ActiveCfg = Release|Any CPU
		{714D29A3-8E62-4189-98E0-CA8CCFF016F7}.Release|Any CPU.Build.0 = Release|Any CPU
		{766FBABC-153E-4435-AB8F-622B2184F206}.Debug|Any CPU.ActiveCfg = Debug|Any CPU
		{766FBABC-153E-4435-AB8F-622B2184F206}.Debug|Any CPU.Build.0 = Debug|Any CPU
		{766FBABC-153E-4435-AB8F-622B2184F206}.Release|Any CPU.ActiveCfg = Release|Any CPU
		{766FBABC-153E-4435-AB8F-622B2184F206}.Release|Any CPU.Build.0 = Release|Any CPU
	EndGlobalSection
	GlobalSection(SolutionProperties) = preSolution
		HideSolutionNode = FALSE
	EndGlobalSection
	GlobalSection(ExtensibilityGlobals) = postSolution
		SolutionGuid = {D5774DD6-DCE7-427D-BF5D-6639631E1119}
	EndGlobalSection
EndGlobal
